
Microsoft Visual Studio Solution File, Format Version 12.00
# Visual Studio Version 17
VisualStudioVersion = 17.0.31903.59
MinimumVisualStudioVersion = 10.0.40219.1
Project("{2150E333-8FDC-42A3-9474-1A3956D46DE8}") = "src", "src", "{827E0CD3-B72D-47B6-A68D-7590B98EB39B}"
EndProject
Project("{FAE04EC0-301F-11D3-BF4B-00C04F79EFBC}") = "Unextract.Core", "src\Unextract.Core\Unextract.Core.csproj", "{837B939F-2791-42BB-A4F8-0C7B836962DC}"
EndProject
Project("{FAE04EC0-301F-11D3-BF4B-00C04F79EFBC}") = "Unextract.Windows", "src\Unextract.Windows\Unextract.Windows.csproj", "{3A10D973-2366-442E-A195-411BFB8DA53F}"
EndProject
Project("{FAE04EC0-301F-11D3-BF4B-00C04F79EFBC}") = "Unextract.Cli", "src\Unextract.Cli\Unextract.Cli.csproj", "{4C5951B7-CF95-4E3F-9FCD-D15EACEF669E}"
EndProject
Project("{2150E333-8FDC-42A3-9474-1A3956D46DE8}") = "tests", "tests", "{0AB3BF05-4346-4AA6-1389-037BE0695223}"
EndProject
Project("{FAE04EC0-301F-11D3-BF4B-00C04F79EFBC}") = "Unextract.Core.Tests", "tests\Unextract.Core.Tests\Unextract.Core.Tests.csproj", "{9C072D1F-42AB-41CC-974F-968D0C51D77C}"
EndProject
Project("{FAE04EC0-301F-11D3-BF4B-00C04F79EFBC}") = "Unextract.Windows.Tests", "tests\Unextract.Windows.Tests\Unextract.Windows.Tests.csproj", "{0AE93AA4-E297-4C6E-A443-30EFD02CF0F1}"
EndProject
Project("{FAE04EC0-301F-11D3-BF4B-00C04F79EFBC}") = "Unextract.Cli.Tests", "tests\Unextract.Cli.Tests\Unextract.Cli.Tests.csproj", "{2F0ECC7F-EAC8-4E3C-86EA-63103DA7D47E}"
EndProject
Project("{FAE04EC0-301F-11D3-BF4B-00C04F79EFBC}") = "Unextract.E2E.Tests", "tests\Unextract.E2E.Tests\Unextract.E2E.Tests.csproj", "{CFE5C9C5-3F3B-421E-8D57-02DC6474E46E}"
EndProject
Global
	GlobalSection(SolutionConfigurationPlatforms) = preSolution
		Debug|Any CPU = Debug|Any CPU
		Debug|x64 = Debug|x64
		Debug|x86 = Debug|x86
		Release|Any CPU = Release|Any CPU
		Release|x64 = Release|x64
		Release|x86 = Release|x86
	EndGlobalSection
	GlobalSection(ProjectConfigurationPlatforms) = postSolution
		{837B939F-2791-42BB-A4F8-0C7B836962DC}.Debug|Any CPU.ActiveCfg = Debug|Any CPU
		{837B939F-2791-42BB-A4F8-0C7B836962DC}.Debug|Any CPU.Build.0 = Debug|Any CPU
		{837B939F-2791-42BB-A4F8-0C7B836962DC}.Debug|x64.ActiveCfg = Debug|Any CPU
		{837B939F-2791-42BB-A4F8-0C7B836962DC}.Debug|x64.Build.0 = Debug|Any CPU
		{837B939F-2791-42BB-A4F8-0C7B836962DC}.Debug|x86.ActiveCfg = Debug|Any CPU
		{837B939F-2791-42BB-A4F8-0C7B836962DC}.Debug|x86.Build.0 = Debug|Any CPU
		{837B939F-2791-42BB-A4F8-0C7B836962DC}.Release|Any CPU.ActiveCfg = Release|Any CPU
		{837B939F-2791-42BB-A4F8-0C7B836962DC}.Release|Any CPU.Build.0 = Release|Any CPU
		{837B939F-2791-42BB-A4F8-0C7B836962DC}.Release|x64.ActiveCfg = Release|Any CPU
		{837B939F-2791-42BB-A4F8-0C7B836962DC}.Release|x64.Build.0 = Release|Any CPU
		{837B939F-2791-42BB-A4F8-0C7B836962DC}.Release|x86.ActiveCfg = Release|Any CPU
		{837B939F-2791-42BB-A4F8-0C7B836962DC}.Release|x86.Build.0 = Release|Any CPU
		{3A10D973-2366-442E-A195-411BFB8DA53F}.Debug|Any CPU.ActiveCfg = Debug|Any CPU
		{3A10D973-2366-442E-A195-411BFB8DA53F}.Debug|Any CPU.Build.0 = Debug|Any CPU
		{3A10D973-2366-442E-A195-411BFB8DA53F}.Debug|x64.ActiveCfg = Debug|Any CPU
		{3A10D973-2366-442E-A195-411BFB8DA53F}.Debug|x64.Build.0 = Debug|Any CPU
		{3A10D973-2366-442E-A195-411BFB8DA53F}.Debug|x86.ActiveCfg = Debug|Any CPU
		{3A10D973-2366-442E-A195-411BFB8DA53F}.Debug|x86.Build.0 = Debug|Any CPU
		{3A10D973-2366-442E-A195-411BFB8DA53F}.Release|Any CPU.ActiveCfg = Release|Any CPU
		{3A10D973-2366-442E-A195-411BFB8DA53F}.Release|Any CPU.Build.0 = Release|Any CPU
		{3A10D973-2366-442E-A195-411BFB8DA53F}.Release|x64.ActiveCfg = Release|Any CPU
		{3A10D973-2366-442E-A195-411BFB8DA53F}.Release|x64.Build.0 = Release|Any CPU
		{3A10D973-2366-442E-A195-411BFB8DA53F}.Release|x86.ActiveCfg = Release|Any CPU
		{3A10D973-2366-442E-A195-411BFB8DA53F}.Release|x86.Build.0 = Release|Any CPU
		{4C5951B7-CF95-4E3F-9FCD-D15EACEF669E}.Debug|Any CPU.ActiveCfg = Debug|Any CPU
		{4C5951B7-CF95-4E3F-9FCD-D15EACEF669E}.Debug|Any CPU.Build.0 = Debug|Any CPU
		{4C5951B7-CF95-4E3F-9FCD-D15EACEF669E}.Debug|x64.ActiveCfg = Debug|Any CPU
		{4C5951B7-CF95-4E3F-9FCD-D15EACEF669E}.Debug|x64.Build.0 = Debug|Any CPU
		{4C5951B7-CF95-4E3F-9FCD-D15EACEF669E}.Debug|x86.ActiveCfg = Debug|Any CPU
		{4C5951B7-CF95-4E3F-9FCD-D15EACEF669E}.Debug|x86.Build.0 = Debug|Any CPU
		{4C5951B7-CF95-4E3F-9FCD-D15EACEF669E}.Release|Any CPU.ActiveCfg = Release|Any CPU
		{4C5951B7-CF95-4E3F-9FCD-D15EACEF669E}.Release|Any CPU.Build.0 = Release|Any CPU
		{4C5951B7-CF95-4E3F-9FCD-D15EACEF669E}.Release|x64.ActiveCfg = Release|Any CPU
		{4C5951B7-CF95-4E3F-9FCD-D15EACEF669E}.Release|x64.Build.0 = Release|Any CPU
		{4C5951B7-CF95-4E3F-9FCD-D15EACEF669E}.Release|x86.ActiveCfg = Release|Any CPU
		{4C5951B7-CF95-4E3F-9FCD-D15EACEF669E}.Release|x86.Build.0 = Release|Any CPU
		{9C072D1F-42AB-41CC-974F-968D0C51D77C}.Debug|Any CPU.ActiveCfg = Debug|Any CPU
		{9C072D1F-42AB-41CC-974F-968D0C51D77C}.Debug|Any CPU.Build.0 = Debug|Any CPU
		{9C072D1F-42AB-41CC-974F-968D0C51D77C}.Debug|x64.ActiveCfg = Debug|Any CPU
		{9C072D1F-42AB-41CC-974F-968D0C51D77C}.Debug|x64.Build.0 = Debug|Any CPU
		{9C072D1F-42AB-41CC-974F-968D0C51D77C}.Debug|x86.ActiveCfg = Debug|Any CPU
		{9C072D1F-42AB-41CC-974F-968D0C51D77C}.Debug|x86.Build.0 = Debug|Any CPU
		{9C072D1F-42AB-41CC-974F-968D0C51D77C}.Release|Any CPU.ActiveCfg = Release|Any CPU
		{9C072D1F-42AB-41CC-974F-968D0C51D77C}.Release|Any CPU.Build.0 = Release|Any CPU
		{9C072D1F-42AB-41CC-974F-968D0C51D77C}.Release|x64.ActiveCfg = Release|Any CPU
		{9C072D1F-42AB-41CC-974F-968D0C51D77C}.Release|x64.Build.0 = Release|Any CPU
		{9C072D1F-42AB-41CC-974F-968D0C51D77C}.Release|x86.ActiveCfg = Release|Any CPU
		{9C072D1F-42AB-41CC-974F-968D0C51D77C}.Release|x86.Build.0 = Release|Any CPU
		{0AE93AA4-E297-4C6E-A443-30EFD02CF0F1}.Debug|Any CPU.ActiveCfg = Debug|Any CPU
		{0AE93AA4-E297-4C6E-A443-30EFD02CF0F1}.Debug|Any CPU.Build.0 = Debug|Any CPU
		{0AE93AA4-E297-4C6E-A443-30EFD02CF0F1}.Debug|x64.ActiveCfg = Debug|Any CPU
		{0AE93AA4-E297-4C6E-A443-30EFD02CF0F1}.Debug|x64.Build.0 = Debug|Any CPU
		{0AE93AA4-E297-4C6E-A443-30EFD02CF0F1}.Debug|x86.ActiveCfg = Debug|Any CPU
		{0AE93AA4-E297-4C6E-A443-30EFD02CF0F1}.Debug|x86.Build.0 = Debug|Any CPU
		{0AE93AA4-E297-4C6E-A443-30EFD02CF0F1}.Release|Any CPU.ActiveCfg = Release|Any CPU
		{0AE93AA4-E297-4C6E-A443-30EFD02CF0F1}.Release|Any CPU.Build.0 = Release|Any CPU
		{0AE93AA4-E297-4C6E-A443-30EFD02CF0F1}.Release|x64.ActiveCfg = Release|Any CPU
		{0AE93AA4-E297-4C6E-A443-30EFD02CF0F1}.Release|x64.Build.0 = Release|Any CPU
		{0AE93AA4-E297-4C6E-A443-30EFD02CF0F1}.Release|x86.ActiveCfg = Release|Any CPU
		{0AE93AA4-E297-4C6E-A443-30EFD02CF0F1}.Release|x86.Build.0 = Release|Any CPU
		{2F0ECC7F-EAC8-4E3C-86EA-63103DA7D47E}.Debug|Any CPU.ActiveCfg = Debug|Any CPU
		{2F0ECC7F-EAC8-4E3C-86EA-63103DA7D47E}.Debug|Any CPU.Build.0 = Debug|Any CPU
		{2F0ECC7F-EAC8-4E3C-86EA-63103DA7D47E}.Debug|x64.ActiveCfg = Debug|Any CPU
		{2F0ECC7F-EAC8-4E3C-86EA-63103DA7D47E}.Debug|x64.Build.0 = Debug|Any CPU
		{2F0ECC7F-EAC8-4E3C-86EA-63103DA7D47E}.Debug|x86.ActiveCfg = Debug|Any CPU
		{2F0ECC7F-EAC8-4E3C-86EA-63103DA7D47E}.Debug|x86.Build.0 = Debug|Any CPU
		{2F0ECC7F-EAC8-4E3C-86EA-63103DA7D47E}.Release|Any CPU.ActiveCfg = Release|Any CPU
		{2F0ECC7F-EAC8-4E3C-86EA-63103DA7D47E}.Release|Any CPU.Build.0 = Release|Any CPU
		{2F0ECC7F-EAC8-4E3C-86EA-63103DA7D47E}.Release|x64.ActiveCfg = Release|Any CPU
		{2F0ECC7F-EAC8-4E3C-86EA-63103DA7D47E}.Release|x64.Build.0 = Release|Any CPU
		{2F0ECC7F-EAC8-4E3C-86EA-63103DA7D47E}.Release|x86.ActiveCfg = Release|Any CPU
		{2F0ECC7F-EAC8-4E3C-86EA-63103DA7D47E}.Release|x86.Build.0 = Release|Any CPU
		{CFE5C9C5-3F3B-421E-8D57-02DC6474E46E}.Debug|Any CPU.ActiveCfg = Debug|Any CPU
		{CFE5C9C5-3F3B-421E-8D57-02DC6474E46E}.Debug|Any CPU.Build.0 = Debug|Any CPU
		{CFE5C9C5-3F3B-421E-8D57-02DC6474E46E}.Debug|x64.ActiveCfg = Debug|Any CPU
		{CFE5C9C5-3F3B-421E-8D57-02DC6474E46E}.Debug|x64.Build.0 = Debug|Any CPU
		{CFE5C9C5-3F3B-421E-8D57-02DC6474E46E}.Debug|x86.ActiveCfg = Debug|Any CPU
		{CFE5C9C5-3F3B-421E-8D57-02DC6474E46E}.Debug|x86.Build.0 = Debug|Any CPU
		{CFE5C9C5-3F3B-421E-8D57-02DC6474E46E}.Release|Any CPU.ActiveCfg = Release|Any CPU
		{CFE5C9C5-3F3B-421E-8D57-02DC6474E46E}.Release|Any CPU.Build.0 = Release|Any CPU
		{CFE5C9C5-3F3B-421E-8D57-02DC6474E46E}.Release|x64.ActiveCfg = Release|Any CPU
		{CFE5C9C5-3F3B-421E-8D57-02DC6474E46E}.Release|x64.Build.0 = Release|Any CPU
		{CFE5C9C5-3F3B-421E-8D57-02DC6474E46E}.Release|x86.ActiveCfg = Release|Any CPU
		{CFE5C9C5-3F3B-421E-8D57-02DC6474E46E}.Release|x86.Build.0 = Release|Any CPU
	EndGlobalSection
	GlobalSection(SolutionProperties) = preSolution
		HideSolutionNode = FALSE
	EndGlobalSection
	GlobalSection(NestedProjects) = preSolution
		{837B939F-2791-42BB-A4F8-0C7B836962DC} = {827E0CD3-B72D-47B6-A68D-7590B98EB39B}
		{3A10D973-2366-442E-A195-411BFB8DA53F} = {827E0CD3-B72D-47B6-A68D-7590B98EB39B}
		{4C5951B7-CF95-4E3F-9FCD-D15EACEF669E} = {827E0CD3-B72D-47B6-A68D-7590B98EB39B}
		{9C072D1F-42AB-41CC-974F-968D0C51D77C} = {0AB3BF05-4346-4AA6-1389-037BE0695223}
		{0AE93AA4-E297-4C6E-A443-30EFD02CF0F1} = {0AB3BF05-4346-4AA6-1389-037BE0695223}
		{2F0ECC7F-EAC8-4E3C-86EA-63103DA7D47E} = {0AB3BF05-4346-4AA6-1389-037BE0695223}
		{CFE5C9C5-3F3B-421E-8D57-02DC6474E46E} = {0AB3BF05-4346-4AA6-1389-037BE0695223}
	EndGlobalSection
EndGlobal
